
Microsoft Visual Studio Solution File, Format Version 12.00
# Visual Studio Version 16
VisualStudioVersion = 16.0.810.21
MinimumVisualStudioVersion = 10.0.40219.1
Project("{FAE04EC0-301F-11D3-BF4B-00C04F79EFBC}") = "LaunchDocker", "LaunchDocker\LaunchDocker.csproj", "{C2858E9A-C521-4E42-981B-C9400EDE55FD}"
EndProject
Global
	GlobalSection(SolutionConfigurationPlatforms) = preSolution
		Debug|Any CPU = Debug|Any CPU
		Release|Any CPU = Release|Any CPU
	EndGlobalSection
	GlobalSection(ProjectConfigurationPlatforms) = postSolution
		{C2858E9A-C521-4E42-981B-C9400EDE55FD}.Debug|Any CPU.ActiveCfg = Debug|Any CPU
		{C2858E9A-C521-4E42-981B-C9400EDE55FD}.Debug|Any CPU.Build.0 = Debug|Any CPU
		{C2858E9A-C521-4E42-981B-C9400EDE55FD}.Release|Any CPU.ActiveCfg = Release|Any CPU
		{C2858E9A-C521-4E42-981B-C9400EDE55FD}.Release|Any CPU.Build.0 = Release|Any CPU
	EndGlobalSection
	GlobalSection(SolutionProperties) = preSolution
		HideSolutionNode = FALSE
	EndGlobalSection
	GlobalSection(ExtensibilityGlobals) = postSolution
		SolutionGuid = {7F9FB6E4-F956-4E40-ADAA-71F612B3D119}
	EndGlobalSection
EndGlobal
